
Microsoft Visual Studio Solution File, Format Version 12.00
# Visual Studio Version 17
VisualStudioVersion = 17.4.33205.214
MinimumVisualStudioVersion = 10.0.40219.1
Project("{FAE04EC0-301F-11D3-BF4B-00C04F79EFBC}") = "SAP_Ui", "SAP_Ui\SAP_Ui.csproj", "{80A15ED3-C3ED-4FAE-AF35-1674F685FE73}"
EndProject
Project("{FAE04EC0-301F-11D3-BF4B-00C04F79EFBC}") = "FormComponent", "FormComponent\FormComponent.csproj", "{EF7046E8-ABC9-4E4D-9F2A-849B183A528F}"
EndProject
Project("{FAE04EC0-301F-11D3-BF4B-00C04F79EFBC}") = "DataAccessLayer", "DataAccessLayer\DataAccessLayer.csproj", "{8CEEEE88-4A5F-4652-BDB2-9D716C0DFC2F}"
EndProject
Project("{FAE04EC0-301F-11D3-BF4B-00C04F79EFBC}") = "Bll", "Bll\Bll.csproj", "{4C2DC9C2-8B5F-412A-A5B7-CB89B25BAA81}"
EndProject
Global
	GlobalSection(SolutionConfigurationPlatforms) = preSolution
		Debug|Any CPU = Debug|Any CPU
		Release|Any CPU = Release|Any CPU
	EndGlobalSection
	GlobalSection(ProjectConfigurationPlatforms) = postSolution
		{80A15ED3-C3ED-4FAE-AF35-1674F685FE73}.Debug|Any CPU.ActiveCfg = Debug|Any CPU
		{80A15ED3-C3ED-4FAE-AF35-1674F685FE73}.Debug|Any CPU.Build.0 = Debug|Any CPU
		{80A15ED3-C3ED-4FAE-AF35-1674F685FE73}.Release|Any CPU.ActiveCfg = Release|Any CPU
		{80A15ED3-C3ED-4FAE-AF35-1674F685FE73}.Release|Any CPU.Build.0 = Release|Any CPU
		{EF7046E8-ABC9-4E4D-9F2A-849B183A528F}.Debug|Any CPU.ActiveCfg = Debug|Any CPU
		{EF7046E8-ABC9-4E4D-9F2A-849B183A528F}.Debug|Any CPU.Build.0 = Debug|Any CPU
		{EF7046E8-ABC9-4E4D-9F2A-849B183A528F}.Release|Any CPU.ActiveCfg = Release|Any CPU
		{EF7046E8-ABC9-4E4D-9F2A-849B183A528F}.Release|Any CPU.Build.0 = Release|Any CPU
		{8CEEEE88-4A5F-4652-BDB2-9D716C0DFC2F}.Debug|Any CPU.ActiveCfg = Debug|Any CPU
		{8CEEEE88-4A5F-4652-BDB2-9D716C0DFC2F}.Debug|Any CPU.Build.0 = Debug|Any CPU
		{8CEEEE88-4A5F-4652-BDB2-9D716C0DFC2F}.Release|Any CPU.ActiveCfg = Release|Any CPU
		{8CEEEE88-4A5F-4652-BDB2-9D716C0DFC2F}.Release|Any CPU.Build.0 = Release|Any CPU
		{4C2DC9C2-8B5F-412A-A5B7-CB89B25BAA81}.Debug|Any CPU.ActiveCfg = Debug|Any CPU
		{4C2DC9C2-8B5F-412A-A5B7-CB89B25BAA81}.Debug|Any CPU.Build.0 = Debug|Any CPU
		{4C2DC9C2-8B5F-412A-A5B7-CB89B25BAA81}.Release|Any CPU.ActiveCfg = Release|Any CPU
		{4C2DC9C2-8B5F-412A-A5B7-CB89B25BAA81}.Release|Any CPU.Build.0 = Release|Any CPU
	EndGlobalSection
	GlobalSection(SolutionProperties) = preSolution
		HideSolutionNode = FALSE
	EndGlobalSection
	GlobalSection(ExtensibilityGlobals) = postSolution
		SolutionGuid = {A8DD43A5-9F9D-4445-A349-C6D2D0B1A411}
	EndGlobalSection
EndGlobal
